
Microsoft Visual Studio Solution File, Format Version 12.00
# Visual Studio Version 17
VisualStudioVersion = 17.4.32804.182
MinimumVisualStudioVersion = 10.0.40219.1
Project("{FAE04EC0-301F-11D3-BF4B-00C04F79EFBC}") = "Scope2", "Scope2\Scope2.csproj", "{CE9EC5AA-ADC0-4843-8D7B-5BE6FBBE55E7}"
EndProject
Global
	GlobalSection(SolutionConfigurationPlatforms) = preSolution
		Debug|Any CPU = Debug|Any CPU
		Release|Any CPU = Release|Any CPU
	EndGlobalSection
	GlobalSection(ProjectConfigurationPlatforms) = postSolution
		{CE9EC5AA-ADC0-4843-8D7B-5BE6FBBE55E7}.Debug|Any CPU.ActiveCfg = Debug|Any CPU
		{CE9EC5AA-ADC0-4843-8D7B-5BE6FBBE55E7}.Debug|Any CPU.Build.0 = Debug|Any CPU
		{CE9EC5AA-ADC0-4843-8D7B-5BE6FBBE55E7}.Release|Any CPU.ActiveCfg = Release|Any CPU
		{CE9EC5AA-ADC0-4843-8D7B-5BE6FBBE55E7}.Release|Any CPU.Build.0 = Release|Any CPU
	EndGlobalSection
	GlobalSection(SolutionProperties) = preSolution
		HideSolutionNode = FALSE
	EndGlobalSection
	GlobalSection(ExtensibilityGlobals) = postSolution
		SolutionGuid = {F5B54107-D6C6-4E3C-B115-FC7BB4EE63C0}
	EndGlobalSection
EndGlobal
